
Microsoft Visual Studio Solution File, Format Version 12.00
# Visual Studio Version 17
VisualStudioVersion = 17.8.34330.188
MinimumVisualStudioVersion = 10.0.40219.1
Project("{FAE04EC0-301F-11D3-BF4B-00C04F79EFBC}") = "Session_WebApp", "Session_WebApp\Session_WebApp.csproj", "{EBF1EF3F-4EED-4291-BB2B-3400B9FFF1CD}"
EndProject
Global
	GlobalSection(SolutionConfigurationPlatforms) = preSolution
		Debug|Any CPU = Debug|Any CPU
		Release|Any CPU = Release|Any CPU
	EndGlobalSection
	GlobalSection(ProjectConfigurationPlatforms) = postSolution
		{EBF1EF3F-4EED-4291-BB2B-3400B9FFF1CD}.Debug|Any CPU.ActiveCfg = Debug|Any CPU
		{EBF1EF3F-4EED-4291-BB2B-3400B9FFF1CD}.Debug|Any CPU.Build.0 = Debug|Any CPU
		{EBF1EF3F-4EED-4291-BB2B-3400B9FFF1CD}.Release|Any CPU.ActiveCfg = Release|Any CPU
		{EBF1EF3F-4EED-4291-BB2B-3400B9FFF1CD}.Release|Any CPU.Build.0 = Release|Any CPU
	EndGlobalSection
	GlobalSection(SolutionProperties) = preSolution
		HideSolutionNode = FALSE
	EndGlobalSection
	GlobalSection(ExtensibilityGlobals) = postSolution
		SolutionGuid = {F95F6133-5D72-44F7-B961-AD6592FFA376}
	EndGlobalSection
EndGlobal
